
Microsoft Visual Studio Solution File, Format Version 12.00
# Visual Studio Version 17
VisualStudioVersion = 17.5.33414.496
MinimumVisualStudioVersion = 10.0.40219.1
Project("{FAE04EC0-301F-11D3-BF4B-00C04F79EFBC}") = "hometask3", "hometask3\hometask3.csproj", "{F545883F-07EC-49BE-ABE1-828553E7CB45}"
EndProject
Global
	GlobalSection(SolutionConfigurationPlatforms) = preSolution
		Debug|Any CPU = Debug|Any CPU
		Release|Any CPU = Release|Any CPU
	EndGlobalSection
	GlobalSection(ProjectConfigurationPlatforms) = postSolution
		{F545883F-07EC-49BE-ABE1-828553E7CB45}.Debug|Any CPU.ActiveCfg = Debug|Any CPU
		{F545883F-07EC-49BE-ABE1-828553E7CB45}.Debug|Any CPU.Build.0 = Debug|Any CPU
		{F545883F-07EC-49BE-ABE1-828553E7CB45}.Release|Any CPU.ActiveCfg = Release|Any CPU
		{F545883F-07EC-49BE-ABE1-828553E7CB45}.Release|Any CPU.Build.0 = Release|Any CPU
	EndGlobalSection
	GlobalSection(SolutionProperties) = preSolution
		HideSolutionNode = FALSE
	EndGlobalSection
	GlobalSection(ExtensibilityGlobals) = postSolution
		SolutionGuid = {7FF9DABD-54CD-4573-90B3-199A2374AB25}
	EndGlobalSection
EndGlobal
